// !$*UTF8*$!
{
	archiveVersion = 1;
	classes = {
	};
	objectVersion = 46;
	objects = {

/* Begin PBXBuildFile section */
		32629CABE39084691A8BD459 /* Pods_Diary.framework in Frameworks */ = {isa = PBXBuildFile; fileRef = 3FBC3BB6A3237199EC12BF20 /* Pods_Diary.framework */; };
		F329B2251C3CEB7F003D4281 /* AppDelegate.swift in Sources */ = {isa = PBXBuildFile; fileRef = F329B2241C3CEB7F003D4281 /* AppDelegate.swift */; };
		F329B2271C3CEB7F003D4281 /* ViewController.swift in Sources */ = {isa = PBXBuildFile; fileRef = F329B2261C3CEB7F003D4281 /* ViewController.swift */; };
		F329B22A1C3CEB7F003D4281 /* Main.storyboard in Resources */ = {isa = PBXBuildFile; fileRef = F329B2281C3CEB7F003D4281 /* Main.storyboard */; };
		F329B22C1C3CEB7F003D4281 /* Assets.xcassets in Resources */ = {isa = PBXBuildFile; fileRef = F329B22B1C3CEB7F003D4281 /* Assets.xcassets */; };
		F329B22F1C3CEB7F003D4281 /* LaunchScreen.storyboard in Resources */ = {isa = PBXBuildFile; fileRef = F329B22D1C3CEB7F003D4281 /* LaunchScreen.storyboard */; };
		F329B2371C3D59E1003D4281 /* inputViewController.swift in Sources */ = {isa = PBXBuildFile; fileRef = F329B2361C3D59E1003D4281 /* inputViewController.swift */; };
/* End PBXBuildFile section */

/* Begin PBXFileReference section */
		3C549D3F5FB2AD191C9B0B0C /* Pods-Diary.debug.xcconfig */ = {isa = PBXFileReference; includeInIndex = 1; lastKnownFileType = text.xcconfig; name = "Pods-Diary.debug.xcconfig"; path = "Pods/Target Support Files/Pods-Diary/Pods-Diary.debug.xcconfig"; sourceTree = "<group>"; };
		3FBC3BB6A3237199EC12BF20 /* Pods_Diary.framework */ = {isa = PBXFileReference; explicitFileType = wrapper.framework; includeInIndex = 0; path = Pods_Diary.framework; sourceTree = BUILT_PRODUCTS_DIR; };
		6098A4EE43A96E702079A970 /* Pods-Diary.release.xcconfig */ = {isa = PBXFileReference; includeInIndex = 1; lastKnownFileType = text.xcconfig; name = "Pods-Diary.release.xcconfig"; path = "Pods/Target Support Files/Pods-Diary/Pods-Diary.release.xcconfig"; sourceTree = "<group>"; };
		F329B2211C3CEB7F003D4281 /* Diary.app */ = {isa = PBXFileReference; explicitFileType = wrapper.application; includeInIndex = 0; path = Diary.app; sourceTree = BUILT_PRODUCTS_DIR; };
		F329B2241C3CEB7F003D4281 /* AppDelegate.swift */ = {isa = PBXFileReference; lastKnownFileType = sourcecode.swift; path = AppDelegate.swift; sourceTree = "<group>"; };
		F329B2261C3CEB7F003D4281 /* ViewController.swift */ = {isa = PBXFileReference; lastKnownFileType = sourcecode.swift; path = ViewController.swift; sourceTree = "<group>"; };
		F329B2291C3CEB7F003D4281 /* Base */ = {isa = PBXFileReference; lastKnownFileType = file.storyboard; name = Base; path = Base.lproj/Main.storyboard; sourceTree = "<group>"; };
		F329B22B1C3CEB7F003D4281 /* Assets.xcassets */ = {isa = PBXFileReference; lastKnownFileType = folder.assetcatalog; path = Assets.xcassets; sourceTree = "<group>"; };
		F329B22E1C3CEB7F003D4281 /* Base */ = {isa = PBXFileReference; lastKnownFileType = file.storyboard; name = Base; path = Base.lproj/LaunchScreen.storyboard; sourceTree = "<group>"; };
		F329B2301C3CEB7F003D4281 /* Info.plist */ = {isa = PBXFileReference; lastKnownFileType = text.plist.xml; path = Info.plist; sourceTree = "<group>"; };
		F329B2361C3D59E1003D4281 /* inputViewController.swift */ = {isa = PBXFileReference; fileEncoding = 4; lastKnownFileType = sourcecode.swift; path = inputViewController.swift; sourceTree = "<group>"; };
/* End PBXFileReference section */

/* Begin PBXFrameworksBuildPhase section */
		F329B21E1C3CEB7F003D4281 /* Frameworks */ = {
			isa = PBXFrameworksBuildPhase;
			buildActionMask = 2147483647;
			files = (
				32629CABE39084691A8BD459 /* Pods_Diary.framework in Frameworks */,
			);
			runOnlyForDeploymentPostprocessing = 0;
		};
/* End PBXFrameworksBuildPhase section */

/* Begin PBXGroup section */
		4A8D6491A187276BFFC95AD0 /* Pods */ = {
			isa = PBXGroup;
			children = (
				3C549D3F5FB2AD191C9B0B0C /* Pods-Diary.debug.xcconfig */,
				6098A4EE43A96E702079A970 /* Pods-Diary.release.xcconfig */,
			);
			name = Pods;
			sourceTree = "<group>";
		};
		5683C252258551C3A06DA7DF /* Frameworks */ = {
			isa = PBXGroup;
			children = (
				3FBC3BB6A3237199EC12BF20 /* Pods_Diary.framework */,
			);
			name = Frameworks;
			sourceTree = "<group>";
		};
		F329B2181C3CEB7F003D4281 = {
			isa = PBXGroup;
			children = (
				F329B2231C3CEB7F003D4281 /* Diary */,
				F329B2221C3CEB7F003D4281 /* Products */,
				4A8D6491A187276BFFC95AD0 /* Pods */,
				5683C252258551C3A06DA7DF /* Frameworks */,
			);
			sourceTree = "<group>";
		};
		F329B2221C3CEB7F003D4281 /* Products */ = {
			isa = PBXGroup;
			children = (
				F329B2211C3CEB7F003D4281 /* Diary.app */,
			);
			name = Products;
			sourceTree = "<group>";
		};
		F329B2231C3CEB7F003D4281 /* Diary */ = {
			isa = PBXGroup;
			children = (
				F329B2241C3CEB7F003D4281 /* AppDelegate.swift */,
				F329B2261C3CEB7F003D4281 /* ViewController.swift */,
				F329B2281C3CEB7F003D4281 /* Main.storyboard */,
				F329B22B1C3CEB7F003D4281 /* Assets.xcassets */,
				F329B22D1C3CEB7F003D4281 /* LaunchScreen.storyboard */,
				F329B2301C3CEB7F003D4281 /* Info.plist */,
				F329B2361C3D59E1003D4281 /* inputViewController.swift */,
			);
			path = Diary;
			sourceTree = "<group>";
		};
/* End PBXGroup section */

/* Begin PBXNativeTarget section */
		F329B2201C3CEB7F003D4281 /* Diary */ = {
			isa = PBXNativeTarget;
			buildConfigurationList = F329B2331C3CEB7F003D4281 /* Build configuration list for PBXNativeTarget "Diary" */;
			buildPhases = (
				BEC9010B14ABF3AB05EBCC52 /* Check Pods Manifest.lock */,
				F329B21D1C3CEB7F003D4281 /* Sources */,
				F329B21E1C3CEB7F003D4281 /* Frameworks */,
				F329B21F1C3CEB7F003D4281 /* Resources */,
				CCFCD374C234407A9252D005 /* Embed Pods Frameworks */,
				483A280B3EDD7FBDDD61AE89 /* Copy Pods Resources */,
			);
			buildRules = (
			);
			dependencies = (
			);
			name = Diary;
			productName = Diary;
			productReference = F329B2211C3CEB7F003D4281 /* Diary.app */;
			productType = "com.apple.product-type.application";
		};
/* End PBXNativeTarget section */

/* Begin PBXProject section */
		F329B2191C3CEB7F003D4281 /* Project object */ = {
			isa = PBXProject;
			attributes = {
				LastSwiftUpdateCheck = 0720;
				LastUpgradeCheck = 0720;
				ORGANIZATIONNAME = "及川雄太";
				TargetAttributes = {
					F329B2201C3CEB7F003D4281 = {
						CreatedOnToolsVersion = 7.2;
						DevelopmentTeam = BRG8MW759X;
					};
				};
			};
			buildConfigurationList = F329B21C1C3CEB7F003D4281 /* Build configuration list for PBXProject "Diary" */;
			compatibilityVersion = "Xcode 3.2";
			developmentRegion = English;
			hasScannedForEncodings = 0;
			knownRegions = (
				en,
				Base,
			);
			mainGroup = F329B2181C3CEB7F003D4281;
			productRefGroup = F329B2221C3CEB7F003D4281 /* Products */;
			projectDirPath = "";
			projectRoot = "";
			targets = (
				F329B2201C3CEB7F003D4281 /* Diary */,
			);
		};
/* End PBXProject section */

/* Begin PBXResourcesBuildPhase section */
		F329B21F1C3CEB7F003D4281 /* Resources */ = {
			isa = PBXResourcesBuildPhase;
			buildActionMask = 2147483647;
			files = (
				F329B22F1C3CEB7F003D4281 /* LaunchScreen.storyboard in Resources */,
				F329B22C1C3CEB7F003D4281 /* Assets.xcassets in Resources */,
				F329B22A1C3CEB7F003D4281 /* Main.storyboard in Resources */,
			);
			runOnlyForDeploymentPostprocessing = 0;
		};
/* End PBXResourcesBuildPhase section */

/* Begin PBXShellScriptBuildPhase section */
		483A280B3EDD7FBDDD61AE89 /* Copy Pods Resources */ = {
			isa = PBXShellScriptBuildPhase;
			buildActionMask = 2147483647;
			files = (
			);
			inputPaths = (
			);
			name = "Copy Pods Resources";
			outputPaths = (
			);
			runOnlyForDeploymentPostprocessing = 0;
			shellPath = /bin/sh;
			shellScript = "\"${SRCROOT}/Pods/Target Support Files/Pods-Diary/Pods-Diary-resources.sh\"\n";
			showEnvVarsInLog = 0;
		};
		BEC9010B14ABF3AB05EBCC52 /* Check Pods Manifest.lock */ = {
			isa = PBXShellScriptBuildPhase;
			buildActionMask = 2147483647;
			files = (
			);
			inputPaths = (
			);
			name = "Check Pods Manifest.lock";
			outputPaths = (
			);
			runOnlyForDeploymentPostprocessing = 0;
			shellPath = /bin/sh;
			shellScript = "diff \"${PODS_ROOT}/../Podfile.lock\" \"${PODS_ROOT}/Manifest.lock\" > /dev/null\nif [[ $? != 0 ]] ; then\n    cat << EOM\nerror: The sandbox is not in sync with the Podfile.lock. Run 'pod install' or update your CocoaPods installation.\nEOM\n    exit 1\nfi\n";
			showEnvVarsInLog = 0;
		};
		CCFCD374C234407A9252D005 /* Embed Pods Frameworks */ = {
			isa = PBXShellScriptBuildPhase;
			buildActionMask = 2147483647;
			files = (
			);
			inputPaths = (
			);
			name = "Embed Pods Frameworks";
			outputPaths = (
			);
			runOnlyForDeploymentPostprocessing = 0;
			shellPath = /bin/sh;
			shellScript = "\"${SRCROOT}/Pods/Target Support Files/Pods-Diary/Pods-Diary-frameworks.sh\"\n";
			showEnvVarsInLog = 0;
		};
/* End PBXShellScriptBuildPhase section */

/* Begin PBXSourcesBuildPhase section */
		F329B21D1C3CEB7F003D4281 /* Sources */ = {
			isa = PBXSourcesBuildPhase;
			buildActionMask = 2147483647;
			files = (
				F329B2271C3CEB7F003D4281 /* ViewController.swift in Sources */,
				F329B2251C3CEB7F003D4281 /* AppDelegate.swift in Sources */,
				F329B2371C3D59E1003D4281 /* inputViewController.swift in Sources */,
			);
			runOnlyForDeploymentPostprocessing = 0;
		};
/* End PBXSourcesBuildPhase section */

/* Begin PBXVariantGroup section */
		F329B2281C3CEB7F003D4281 /* Main.storyboard */ = {
			isa = PBXVariantGroup;
			children = (
				F329B2291C3CEB7F003D4281 /* Base */,
			);
			name = Main.storyboard;
			sourceTree = "<group>";
		};
		F329B22D1C3CEB7F003D4281 /* LaunchScreen.storyboard */ = {
			isa = PBXVariantGroup;
			children = (
				F329B22E1C3CEB7F003D4281 /* Base */,
			);
			name = LaunchScreen.storyboard;
			sourceTree = "<group>";
		};
/* End PBXVariantGroup section */

/* Begin XCBuildConfiguration section */
		F329B2311C3CEB7F003D4281 /* Debug */ = {
			isa = XCBuildConfiguration;
			buildSettings = {
				ALWAYS_SEARCH_USER_PATHS = NO;
				CLANG_CXX_LANGUAGE_STANDARD = "gnu++0x";
				CLANG_CXX_LIBRARY = "libc++";
				CLANG_ENABLE_MODULES = YES;
				CLANG_ENABLE_OBJC_ARC = YES;
				CLANG_WARN_BOOL_CONVERSION = YES;
				CLANG_WARN_CONSTANT_CONVERSION = YES;
				CLANG_WARN_DIRECT_OBJC_ISA_USAGE = YES_ERROR;
				CLANG_WARN_EMPTY_BODY = YES;
				CLANG_WARN_ENUM_CONVERSION = YES;
				CLANG_WARN_INT_CONVERSION = YES;
				CLANG_WARN_OBJC_ROOT_CLASS = YES_ERROR;
				CLANG_WARN_UNREACHABLE_CODE = YES;
				CLANG_WARN__DUPLICATE_METHOD_MATCH = YES;
				"CODE_SIGN_IDENTITY[sdk=iphoneos*]" = "iPhone Developer";
				COPY_PHASE_STRIP = NO;
				DEBUG_INFORMATION_FORMAT = dwarf;
				ENABLE_STRICT_OBJC_MSGSEND = YES;
				ENABLE_TESTABILITY = YES;
				GCC_C_LANGUAGE_STANDARD = gnu99;
				GCC_DYNAMIC_NO_PIC = NO;
				GCC_NO_COMMON_BLOCKS = YES;
				GCC_OPTIMIZATION_LEVEL = 0;
				GCC_PREPROCESSOR_DEFINITIONS = (
					"DEBUG=1",
					"$(inherited)",
				);
				GCC_WARN_64_TO_32_BIT_CONVERSION = YES;
				GCC_WARN_ABOUT_RETURN_TYPE = YES_ERROR;
				GCC_WARN_UNDECLARED_SELECTOR = YES;
				GCC_WARN_UNINITIALIZED_AUTOS = YES_AGGRESSIVE;
				GCC_WARN_UNUSED_FUNCTION = YES;
				GCC_WARN_UNUSED_VARIABLE = YES;
				IPHONEOS_DEPLOYMENT_TARGET = 9.2;
				MTL_ENABLE_DEBUG_INFO = YES;
				ONLY_ACTIVE_ARCH = YES;
				SDKROOT = iphoneos;
				SWIFT_OPTIMIZATION_LEVEL = "-Onone";
			};
			name = Debug;
		};
		F329B2321C3CEB7F003D4281 /* Release */ = {
			isa = XCBuildConfiguration;
			buildSettings = {
				ALWAYS_SEARCH_USER_PATHS = NO;
				CLANG_CXX_LANGUAGE_STANDARD = "gnu++0x";
				CLANG_CXX_LIBRARY = "libc++";
				CLANG_ENABLE_MODULES = YES;
				CLANG_ENABLE_OBJC_ARC = YES;
				CLANG_WARN_BOOL_CONVERSION = YES;
				CLANG_WARN_CONSTANT_CONVERSION = YES;
				CLANG_WARN_DIRECT_OBJC_ISA_USAGE = YES_ERROR;
				CLANG_WARN_EMPTY_BODY = YES;
				CLANG_WARN_ENUM_CONVERSION = YES;
				CLANG_WARN_INT_CONVERSION = YES;
				CLANG_WARN_OBJC_ROOT_CLASS = YES_ERROR;
				CLANG_WARN_UNREACHABLE_CODE = YES;
				CLANG_WARN__DUPLICATE_METHOD_MATCH = YES;
				"CODE_SIGN_IDENTITY[sdk=iphoneos*]" = "iPhone Developer";
				COPY_PHASE_STRIP = NO;
				DEBUG_INFORMATION_FORMAT = "dwarf-with-dsym";
				ENABLE_NS_ASSERTIONS = NO;
				ENABLE_STRICT_OBJC_MSGSEND = YES;
				GCC_C_LANGUAGE_STANDARD = gnu99;
				GCC_NO_COMMON_BLOCKS = YES;
				GCC_WARN_64_TO_32_BIT_CONVERSION = YES;
				GCC_WARN_ABOUT_RETURN_TYPE = YES_ERROR;
				GCC_WARN_UNDECLARED_SELECTOR = YES;
				GCC_WARN_UNINITIALIZED_AUTOS = YES_AGGRESSIVE;
				GCC_WARN_UNUSED_FUNCTION = YES;
				GCC_WARN_UNUSED_VARIABLE = YES;
				IPHONEOS_DEPLOYMENT_TARGET = 9.2;
				MTL_ENABLE_DEBUG_INFO = NO;
				SDKROOT = iphoneos;
				VALIDATE_PRODUCT = YES;
			};
			name = Release;
		};
		F329B2341C3CEB7F003D4281 /* Debug */ = {
			isa = XCBuildConfiguration;
			baseConfigurationReference = 3C549D3F5FB2AD191C9B0B0C /* Pods-Diary.debug.xcconfig */;
			buildSettings = {
				ASSETCATALOG_COMPILER_APPICON_NAME = AppIcon;
				INFOPLIST_FILE = Diary/Info.plist;
				LD_RUNPATH_SEARCH_PATHS = "$(inherited) @executable_path/Frameworks";
				PRODUCT_BUNDLE_IDENTIFIER = edu.self.Diary;
				PRODUCT_NAME = "$(TARGET_NAME)";
			};
			name = Debug;
		};
		F329B2351C3CEB7F003D4281 /* Release */ = {
			isa = XCBuildConfiguration;
			baseConfigurationReference = 6098A4EE43A96E702079A970 /* Pods-Diary.release.xcconfig */;
			buildSettings = {
				ASSETCATALOG_COMPILER_APPICON_NAME = AppIcon;
				INFOPLIST_FILE = Diary/Info.plist;
				LD_RUNPATH_SEARCH_PATHS = "$(inherited) @executable_path/Frameworks";
				PRODUCT_BUNDLE_IDENTIFIER = edu.self.Diary;
				PRODUCT_NAME = "$(TARGET_NAME)";
			};
			name = Release;
		};
/* End XCBuildConfiguration section */

/* Begin XCConfigurationList section */
		F329B21C1C3CEB7F003D4281 /* Build configuration list for PBXProject "Diary" */ = {
			isa = XCConfigurationList;
			buildConfigurations = (
				F329B2311C3CEB7F003D4281 /* Debug */,
				F329B2321C3CEB7F003D4281 /* Release */,
			);
			defaultConfigurationIsVisible = 0;
			defaultConfigurationName = Release;
		};
		F329B2331C3CEB7F003D4281 /* Build configuration list for PBXNativeTarget "Diary" */ = {
			isa = XCConfigurationList;
			buildConfigurations = (
				F329B2341C3CEB7F003D4281 /* Debug */,
				F329B2351C3CEB7F003D4281 /* Release */,
			);
			defaultConfigurationIsVisible = 0;
			defaultConfigurationName = Release;
		};
/* End XCConfigurationList section */
	};
	rootObject = F329B2191C3CEB7F003D4281 /* Project object */;
}
